
Microsoft Visual Studio Solution File, Format Version 12.00
# Visual Studio 2012
Project("{FAE04EC0-301F-11D3-BF4B-00C04F79EFBC}") = "SheepJax", "SheepJax\SheepJax.csproj", "{3BB2E4CB-E442-4D70-BF79-8AA70C419539}"
EndProject
Project("{FAE04EC0-301F-11D3-BF4B-00C04F79EFBC}") = "SheepJax.Tests", "SheepJax.Tests\SheepJax.Tests.csproj", "{37F1A959-EA71-48B8-9641-069B3D2D4498}"
EndProject
Project("{FAE04EC0-301F-11D3-BF4B-00C04F79EFBC}") = "SheepJax.Sample", "SheepJax.Sample\SheepJax.Sample.csproj", "{50D46D11-2548-40B3-9CF3-EA2FABC31498}"
EndProject
Project("{FAE04EC0-301F-11D3-BF4B-00C04F79EFBC}") = "SheepJax.Comet", "SheepJax.Comet\SheepJax.Comet.csproj", "{FCB08BFD-46B3-43C0-AA64-C12ECBBE3DCD}"
EndProject
Global
	GlobalSection(SolutionConfigurationPlatforms) = preSolution
		Debug|Any CPU = Debug|Any CPU
		Release|Any CPU = Release|Any CPU
	EndGlobalSection
	GlobalSection(ProjectConfigurationPlatforms) = postSolution
		{3BB2E4CB-E442-4D70-BF79-8AA70C419539}.Debug|Any CPU.ActiveCfg = Debug|Any CPU
		{3BB2E4CB-E442-4D70-BF79-8AA70C419539}.Debug|Any CPU.Build.0 = Debug|Any CPU
		{3BB2E4CB-E442-4D70-BF79-8AA70C419539}.Release|Any CPU.ActiveCfg = Release|Any CPU
		{3BB2E4CB-E442-4D70-BF79-8AA70C419539}.Release|Any CPU.Build.0 = Release|Any CPU
		{37F1A959-EA71-48B8-9641-069B3D2D4498}.Debug|Any CPU.ActiveCfg = Debug|Any CPU
		{37F1A959-EA71-48B8-9641-069B3D2D4498}.Debug|Any CPU.Build.0 = Debug|Any CPU
		{37F1A959-EA71-48B8-9641-069B3D2D4498}.Release|Any CPU.ActiveCfg = Release|Any CPU
		{37F1A959-EA71-48B8-9641-069B3D2D4498}.Release|Any CPU.Build.0 = Release|Any CPU
		{50D46D11-2548-40B3-9CF3-EA2FABC31498}.Debug|Any CPU.ActiveCfg = Debug|Any CPU
		{50D46D11-2548-40B3-9CF3-EA2FABC31498}.Debug|Any CPU.Build.0 = Debug|Any CPU
		{50D46D11-2548-40B3-9CF3-EA2FABC31498}.Release|Any CPU.ActiveCfg = Release|Any CPU
		{50D46D11-2548-40B3-9CF3-EA2FABC31498}.Release|Any CPU.Build.0 = Release|Any CPU
		{FCB08BFD-46B3-43C0-AA64-C12ECBBE3DCD}.Debug|Any CPU.ActiveCfg = Debug|Any CPU
		{FCB08BFD-46B3-43C0-AA64-C12ECBBE3DCD}.Debug|Any CPU.Build.0 = Debug|Any CPU
		{FCB08BFD-46B3-43C0-AA64-C12ECBBE3DCD}.Release|Any CPU.ActiveCfg = Release|Any CPU
		{FCB08BFD-46B3-43C0-AA64-C12ECBBE3DCD}.Release|Any CPU.Build.0 = Release|Any CPU
	EndGlobalSection
	GlobalSection(SolutionProperties) = preSolution
		HideSolutionNode = FALSE
	EndGlobalSection
EndGlobal
